// !$*UTF8*$!
{
	archiveVersion = 1;
	classes = {
	};
	objectVersion = 50;
	objects = {

/* Begin PBXBuildFile section */
		623689CE25EFC8CE00DED148 /* AppDelegate.swift in Sources */ = {isa = PBXBuildFile; fileRef = 623689CD25EFC8CE00DED148 /* AppDelegate.swift */; };
		623689D025EFC8CE00DED148 /* SceneDelegate.swift in Sources */ = {isa = PBXBuildFile; fileRef = 623689CF25EFC8CE00DED148 /* SceneDelegate.swift */; };
		623689D225EFC8CE00DED148 /* SettingTableViewController.swift in Sources */ = {isa = PBXBuildFile; fileRef = 623689D125EFC8CE00DED148 /* SettingTableViewController.swift */; };
		623689D525EFC8CE00DED148 /* Main.storyboard in Resources */ = {isa = PBXBuildFile; fileRef = 623689D325EFC8CE00DED148 /* Main.storyboard */; };
		623689D725EFC8CF00DED148 /* Assets.xcassets in Resources */ = {isa = PBXBuildFile; fileRef = 623689D625EFC8CF00DED148 /* Assets.xcassets */; };
		623689DA25EFC8CF00DED148 /* LaunchScreen.storyboard in Resources */ = {isa = PBXBuildFile; fileRef = 623689D825EFC8CF00DED148 /* LaunchScreen.storyboard */; };
		62650F9025F05F7300BA0777 /* ActionLargeTableViewCell.swift in Sources */ = {isa = PBXBuildFile; fileRef = 62650F8F25F05F7300BA0777 /* ActionLargeTableViewCell.swift */; };
		62650F9325F05F8200BA0777 /* ActionMediumTableViewCell.swift in Sources */ = {isa = PBXBuildFile; fileRef = 62650F9225F05F8200BA0777 /* ActionMediumTableViewCell.swift */; };
		62650F9625F05FBE00BA0777 /* TitleActionMediumTableViewCell.swift in Sources */ = {isa = PBXBuildFile; fileRef = 62650F9525F05FBE00BA0777 /* TitleActionMediumTableViewCell.swift */; };
		62650F9C25F05FFD00BA0777 /* SwitchMediumTableViewCell.swift in Sources */ = {isa = PBXBuildFile; fileRef = 62650F9B25F05FFD00BA0777 /* SwitchMediumTableViewCell.swift */; };
		62650FA025F060F700BA0777 /* ActionLargeTableViewCell.xib in Resources */ = {isa = PBXBuildFile; fileRef = 62650F9F25F060F700BA0777 /* ActionLargeTableViewCell.xib */; };
		629BEB4325F067F500F8718F /* ActionMediumTableViewCell.xib in Resources */ = {isa = PBXBuildFile; fileRef = 629BEB4225F067F500F8718F /* ActionMediumTableViewCell.xib */; };
		62C20CEC25F06F4F00DCC55E /* TitleActionMediumTableViewCell.xib in Resources */ = {isa = PBXBuildFile; fileRef = 62C20CEB25F06F4F00DCC55E /* TitleActionMediumTableViewCell.xib */; };
		62C20CF025F06F6100DCC55E /* SwitchMediumTableViewCell.xib in Resources */ = {isa = PBXBuildFile; fileRef = 62C20CEF25F06F6100DCC55E /* SwitchMediumTableViewCell.xib */; };
/* End PBXBuildFile section */

/* Begin PBXFileReference section */
		623689CA25EFC8CE00DED148 /* project06-settings-final.app */ = {isa = PBXFileReference; explicitFileType = wrapper.application; includeInIndex = 0; path = "project06-settings-final.app"; sourceTree = BUILT_PRODUCTS_DIR; };
		623689CD25EFC8CE00DED148 /* AppDelegate.swift */ = {isa = PBXFileReference; lastKnownFileType = sourcecode.swift; path = AppDelegate.swift; sourceTree = "<group>"; };
		623689CF25EFC8CE00DED148 /* SceneDelegate.swift */ = {isa = PBXFileReference; lastKnownFileType = sourcecode.swift; path = SceneDelegate.swift; sourceTree = "<group>"; };
		623689D125EFC8CE00DED148 /* SettingTableViewController.swift */ = {isa = PBXFileReference; lastKnownFileType = sourcecode.swift; path = SettingTableViewController.swift; sourceTree = "<group>"; };
		623689D425EFC8CE00DED148 /* Base */ = {isa = PBXFileReference; lastKnownFileType = file.storyboard; name = Base; path = Base.lproj/Main.storyboard; sourceTree = "<group>"; };
		623689D625EFC8CF00DED148 /* Assets.xcassets */ = {isa = PBXFileReference; lastKnownFileType = folder.assetcatalog; path = Assets.xcassets; sourceTree = "<group>"; };
		623689D925EFC8CF00DED148 /* Base */ = {isa = PBXFileReference; lastKnownFileType = file.storyboard; name = Base; path = Base.lproj/LaunchScreen.storyboard; sourceTree = "<group>"; };
		623689DB25EFC8CF00DED148 /* Info.plist */ = {isa = PBXFileReference; lastKnownFileType = text.plist.xml; path = Info.plist; sourceTree = "<group>"; };
		62650F8F25F05F7300BA0777 /* ActionLargeTableViewCell.swift */ = {isa = PBXFileReference; lastKnownFileType = sourcecode.swift; path = ActionLargeTableViewCell.swift; sourceTree = "<group>"; };
		62650F9225F05F8200BA0777 /* ActionMediumTableViewCell.swift */ = {isa = PBXFileReference; lastKnownFileType = sourcecode.swift; path = ActionMediumTableViewCell.swift; sourceTree = "<group>"; };
		62650F9525F05FBE00BA0777 /* TitleActionMediumTableViewCell.swift */ = {isa = PBXFileReference; lastKnownFileType = sourcecode.swift; path = TitleActionMediumTableViewCell.swift; sourceTree = "<group>"; };
		62650F9B25F05FFD00BA0777 /* SwitchMediumTableViewCell.swift */ = {isa = PBXFileReference; lastKnownFileType = sourcecode.swift; path = SwitchMediumTableViewCell.swift; sourceTree = "<group>"; };
		62650F9F25F060F700BA0777 /* ActionLargeTableViewCell.xib */ = {isa = PBXFileReference; lastKnownFileType = file.xib; path = ActionLargeTableViewCell.xib; sourceTree = "<group>"; };
		629BEB4225F067F500F8718F /* ActionMediumTableViewCell.xib */ = {isa = PBXFileReference; lastKnownFileType = file.xib; path = ActionMediumTableViewCell.xib; sourceTree = "<group>"; };
		62C20CEB25F06F4F00DCC55E /* TitleActionMediumTableViewCell.xib */ = {isa = PBXFileReference; lastKnownFileType = file.xib; path = TitleActionMediumTableViewCell.xib; sourceTree = "<group>"; };
		62C20CEF25F06F6100DCC55E /* SwitchMediumTableViewCell.xib */ = {isa = PBXFileReference; lastKnownFileType = file.xib; path = SwitchMediumTableViewCell.xib; sourceTree = "<group>"; };
/* End PBXFileReference section */

/* Begin PBXFrameworksBuildPhase section */
		623689C725EFC8CE00DED148 /* Frameworks */ = {
			isa = PBXFrameworksBuildPhase;
			buildActionMask = 2147483647;
			files = (
			);
			runOnlyForDeploymentPostprocessing = 0;
		};
/* End PBXFrameworksBuildPhase section */

/* Begin PBXGroup section */
		623689C125EFC8CE00DED148 = {
			isa = PBXGroup;
			children = (
				623689CC25EFC8CE00DED148 /* project06-settings-final */,
				623689CB25EFC8CE00DED148 /* Products */,
			);
			sourceTree = "<group>";
		};
		623689CB25EFC8CE00DED148 /* Products */ = {
			isa = PBXGroup;
			children = (
				623689CA25EFC8CE00DED148 /* project06-settings-final.app */,
			);
			name = Products;
			sourceTree = "<group>";
		};
		623689CC25EFC8CE00DED148 /* project06-settings-final */ = {
			isa = PBXGroup;
			children = (
				62650F8E25F05F4400BA0777 /* Cells */,
				623689CD25EFC8CE00DED148 /* AppDelegate.swift */,
				623689CF25EFC8CE00DED148 /* SceneDelegate.swift */,
				623689D125EFC8CE00DED148 /* SettingTableViewController.swift */,
				623689D325EFC8CE00DED148 /* Main.storyboard */,
				623689D625EFC8CF00DED148 /* Assets.xcassets */,
				623689D825EFC8CF00DED148 /* LaunchScreen.storyboard */,
				623689DB25EFC8CF00DED148 /* Info.plist */,
			);
			path = "project06-settings-final";
			sourceTree = "<group>";
		};
		62650F8E25F05F4400BA0777 /* Cells */ = {
			isa = PBXGroup;
			children = (
				62650FA225F060FF00BA0777 /* ActionLargeTableViewCell */,
				62C20CEE25F06F5200DCC55E /* SwitchMediumTableViewCell */,
				62C20CEA25F06F4600DCC55E /* TitleActionMediumTableViewCell */,
				629BEB4525F06AAA00F8718F /* ActionMediumTableViewCell */,
			);
			path = Cells;
			sourceTree = "<group>";
		};
		62650FA225F060FF00BA0777 /* ActionLargeTableViewCell */ = {
			isa = PBXGroup;
			children = (
				62650F8F25F05F7300BA0777 /* ActionLargeTableViewCell.swift */,
				62650F9F25F060F700BA0777 /* ActionLargeTableViewCell.xib */,
			);
			path = ActionLargeTableViewCell;
			sourceTree = "<group>";
		};
		629BEB4525F06AAA00F8718F /* ActionMediumTableViewCell */ = {
			isa = PBXGroup;
			children = (
				62650F9225F05F8200BA0777 /* ActionMediumTableViewCell.swift */,
				629BEB4225F067F500F8718F /* ActionMediumTableViewCell.xib */,
			);
			path = ActionMediumTableViewCell;
			sourceTree = "<group>";
		};
		62C20CEA25F06F4600DCC55E /* TitleActionMediumTableViewCell */ = {
			isa = PBXGroup;
			children = (
				62650F9525F05FBE00BA0777 /* TitleActionMediumTableViewCell.swift */,
				62C20CEB25F06F4F00DCC55E /* TitleActionMediumTableViewCell.xib */,
			);
			path = TitleActionMediumTableViewCell;
			sourceTree = "<group>";
		};
		62C20CEE25F06F5200DCC55E /* SwitchMediumTableViewCell */ = {
			isa = PBXGroup;
			children = (
				62650F9B25F05FFD00BA0777 /* SwitchMediumTableViewCell.swift */,
				62C20CEF25F06F6100DCC55E /* SwitchMediumTableViewCell.xib */,
			);
			path = SwitchMediumTableViewCell;
			sourceTree = "<group>";
		};
/* End PBXGroup section */

/* Begin PBXNativeTarget section */
		623689C925EFC8CE00DED148 /* project06-settings-final */ = {
			isa = PBXNativeTarget;
			buildConfigurationList = 623689DE25EFC8CF00DED148 /* Build configuration list for PBXNativeTarget "project06-settings-final" */;
			buildPhases = (
				623689C625EFC8CE00DED148 /* Sources */,
				623689C725EFC8CE00DED148 /* Frameworks */,
				623689C825EFC8CE00DED148 /* Resources */,
			);
			buildRules = (
			);
			dependencies = (
			);
			name = "project06-settings-final";
			productName = "project06-settings-final";
			productReference = 623689CA25EFC8CE00DED148 /* project06-settings-final.app */;
			productType = "com.apple.product-type.application";
		};
/* End PBXNativeTarget section */

/* Begin PBXProject section */
		623689C225EFC8CE00DED148 /* Project object */ = {
			isa = PBXProject;
			attributes = {
				LastSwiftUpdateCheck = 1220;
				LastUpgradeCheck = 1220;
				TargetAttributes = {
					623689C925EFC8CE00DED148 = {
						CreatedOnToolsVersion = 12.2;
					};
				};
			};
			buildConfigurationList = 623689C525EFC8CE00DED148 /* Build configuration list for PBXProject "project06-settings-final" */;
			compatibilityVersion = "Xcode 9.3";
			developmentRegion = en;
			hasScannedForEncodings = 0;
			knownRegions = (
				en,
				Base,
			);
			mainGroup = 623689C125EFC8CE00DED148;
			productRefGroup = 623689CB25EFC8CE00DED148 /* Products */;
			projectDirPath = "";
			projectRoot = "";
			targets = (
				623689C925EFC8CE00DED148 /* project06-settings-final */,
			);
		};
/* End PBXProject section */

/* Begin PBXResourcesBuildPhase section */
		623689C825EFC8CE00DED148 /* Resources */ = {
			isa = PBXResourcesBuildPhase;
			buildActionMask = 2147483647;
			files = (
				62650FA025F060F700BA0777 /* ActionLargeTableViewCell.xib in Resources */,
				623689DA25EFC8CF00DED148 /* LaunchScreen.storyboard in Resources */,
				623689D725EFC8CF00DED148 /* Assets.xcassets in Resources */,
				62C20CF025F06F6100DCC55E /* SwitchMediumTableViewCell.xib in Resources */,
				623689D525EFC8CE00DED148 /* Main.storyboard in Resources */,
				629BEB4325F067F500F8718F /* ActionMediumTableViewCell.xib in Resources */,
				62C20CEC25F06F4F00DCC55E /* TitleActionMediumTableViewCell.xib in Resources */,
			);
			runOnlyForDeploymentPostprocessing = 0;
		};
/* End PBXResourcesBuildPhase section */

/* Begin PBXSourcesBuildPhase section */
		623689C625EFC8CE00DED148 /* Sources */ = {
			isa = PBXSourcesBuildPhase;
			buildActionMask = 2147483647;
			files = (
				623689D225EFC8CE00DED148 /* SettingTableViewController.swift in Sources */,
				62650F9325F05F8200BA0777 /* ActionMediumTableViewCell.swift in Sources */,
				623689CE25EFC8CE00DED148 /* AppDelegate.swift in Sources */,
				62650F9C25F05FFD00BA0777 /* SwitchMediumTableViewCell.swift in Sources */,
				62650F9025F05F7300BA0777 /* ActionLargeTableViewCell.swift in Sources */,
				623689D025EFC8CE00DED148 /* SceneDelegate.swift in Sources */,
				62650F9625F05FBE00BA0777 /* TitleActionMediumTableViewCell.swift in Sources */,
			);
			runOnlyForDeploymentPostprocessing = 0;
		};
/* End PBXSourcesBuildPhase section */

/* Begin PBXVariantGroup section */
		623689D325EFC8CE00DED148 /* Main.storyboard */ = {
			isa = PBXVariantGroup;
			children = (
				623689D425EFC8CE00DED148 /* Base */,
			);
			name = Main.storyboard;
			sourceTree = "<group>";
		};
		623689D825EFC8CF00DED148 /* LaunchScreen.storyboard */ = {
			isa = PBXVariantGroup;
			children = (
				623689D925EFC8CF00DED148 /* Base */,
			);
			name = LaunchScreen.storyboard;
			sourceTree = "<group>";
		};
/* End PBXVariantGroup section */

/* Begin XCBuildConfiguration section */
		623689DC25EFC8CF00DED148 /* Debug */ = {
			isa = XCBuildConfiguration;
			buildSettings = {
				ALWAYS_SEARCH_USER_PATHS = NO;
				CLANG_ANALYZER_NONNULL = YES;
				CLANG_ANALYZER_NUMBER_OBJECT_CONVERSION = YES_AGGRESSIVE;
				CLANG_CXX_LANGUAGE_STANDARD = "gnu++14";
				CLANG_CXX_LIBRARY = "libc++";
				CLANG_ENABLE_MODULES = YES;
				CLANG_ENABLE_OBJC_ARC = YES;
				CLANG_ENABLE_OBJC_WEAK = YES;
				CLANG_WARN_BLOCK_CAPTURE_AUTORELEASING = YES;
				CLANG_WARN_BOOL_CONVERSION = YES;
				CLANG_WARN_COMMA = YES;
				CLANG_WARN_CONSTANT_CONVERSION = YES;
				CLANG_WARN_DEPRECATED_OBJC_IMPLEMENTATIONS = YES;
				CLANG_WARN_DIRECT_OBJC_ISA_USAGE = YES_ERROR;
				CLANG_WARN_DOCUMENTATION_COMMENTS = YES;
				CLANG_WARN_EMPTY_BODY = YES;
				CLANG_WARN_ENUM_CONVERSION = YES;
				CLANG_WARN_INFINITE_RECURSION = YES;
				CLANG_WARN_INT_CONVERSION = YES;
				CLANG_WARN_NON_LITERAL_NULL_CONVERSION = YES;
				CLANG_WARN_OBJC_IMPLICIT_RETAIN_SELF = YES;
				CLANG_WARN_OBJC_LITERAL_CONVERSION = YES;
				CLANG_WARN_OBJC_ROOT_CLASS = YES_ERROR;
				CLANG_WARN_QUOTED_INCLUDE_IN_FRAMEWORK_HEADER = YES;
				CLANG_WARN_RANGE_LOOP_ANALYSIS = YES;
				CLANG_WARN_STRICT_PROTOTYPES = YES;
				CLANG_WARN_SUSPICIOUS_MOVE = YES;
				CLANG_WARN_UNGUARDED_AVAILABILITY = YES_AGGRESSIVE;
				CLANG_WARN_UNREACHABLE_CODE = YES;
				CLANG_WARN__DUPLICATE_METHOD_MATCH = YES;
				COPY_PHASE_STRIP = NO;
				DEBUG_INFORMATION_FORMAT = dwarf;
				ENABLE_STRICT_OBJC_MSGSEND = YES;
				ENABLE_TESTABILITY = YES;
				GCC_C_LANGUAGE_STANDARD = gnu11;
				GCC_DYNAMIC_NO_PIC = NO;
				GCC_NO_COMMON_BLOCKS = YES;
				GCC_OPTIMIZATION_LEVEL = 0;
				GCC_PREPROCESSOR_DEFINITIONS = (
					"DEBUG=1",
					"$(inherited)",
				);
				GCC_WARN_64_TO_32_BIT_CONVERSION = YES;
				GCC_WARN_ABOUT_RETURN_TYPE = YES_ERROR;
				GCC_WARN_UNDECLARED_SELECTOR = YES;
				GCC_WARN_UNINITIALIZED_AUTOS = YES_AGGRESSIVE;
				GCC_WARN_UNUSED_FUNCTION = YES;
				GCC_WARN_UNUSED_VARIABLE = YES;
				IPHONEOS_DEPLOYMENT_TARGET = 14.2;
				MTL_ENABLE_DEBUG_INFO = INCLUDE_SOURCE;
				MTL_FAST_MATH = YES;
				ONLY_ACTIVE_ARCH = YES;
				SDKROOT = iphoneos;
				SWIFT_ACTIVE_COMPILATION_CONDITIONS = DEBUG;
				SWIFT_OPTIMIZATION_LEVEL = "-Onone";
			};
			name = Debug;
		};
		623689DD25EFC8CF00DED148 /* Release */ = {
			isa = XCBuildConfiguration;
			buildSettings = {
				ALWAYS_SEARCH_USER_PATHS = NO;
				CLANG_ANALYZER_NONNULL = YES;
				CLANG_ANALYZER_NUMBER_OBJECT_CONVERSION = YES_AGGRESSIVE;
				CLANG_CXX_LANGUAGE_STANDARD = "gnu++14";
				CLANG_CXX_LIBRARY = "libc++";
				CLANG_ENABLE_MODULES = YES;
				CLANG_ENABLE_OBJC_ARC = YES;
				CLANG_ENABLE_OBJC_WEAK = YES;
				CLANG_WARN_BLOCK_CAPTURE_AUTORELEASING = YES;
				CLANG_WARN_BOOL_CONVERSION = YES;
				CLANG_WARN_COMMA = YES;
				CLANG_WARN_CONSTANT_CONVERSION = YES;
				CLANG_WARN_DEPRECATED_OBJC_IMPLEMENTATIONS = YES;
				CLANG_WARN_DIRECT_OBJC_ISA_USAGE = YES_ERROR;
				CLANG_WARN_DOCUMENTATION_COMMENTS = YES;
				CLANG_WARN_EMPTY_BODY = YES;
				CLANG_WARN_ENUM_CONVERSION = YES;
				CLANG_WARN_INFINITE_RECURSION = YES;
				CLANG_WARN_INT_CONVERSION = YES;
				CLANG_WARN_NON_LITERAL_NULL_CONVERSION = YES;
				CLANG_WARN_OBJC_IMPLICIT_RETAIN_SELF = YES;
				CLANG_WARN_OBJC_LITERAL_CONVERSION = YES;
				CLANG_WARN_OBJC_ROOT_CLASS = YES_ERROR;
				CLANG_WARN_QUOTED_INCLUDE_IN_FRAMEWORK_HEADER = YES;
				CLANG_WARN_RANGE_LOOP_ANALYSIS = YES;
				CLANG_WARN_STRICT_PROTOTYPES = YES;
				CLANG_WARN_SUSPICIOUS_MOVE = YES;
				CLANG_WARN_UNGUARDED_AVAILABILITY = YES_AGGRESSIVE;
				CLANG_WARN_UNREACHABLE_CODE = YES;
				CLANG_WARN__DUPLICATE_METHOD_MATCH = YES;
				COPY_PHASE_STRIP = NO;
				DEBUG_INFORMATION_FORMAT = "dwarf-with-dsym";
				ENABLE_NS_ASSERTIONS = NO;
				ENABLE_STRICT_OBJC_MSGSEND = YES;
				GCC_C_LANGUAGE_STANDARD = gnu11;
				GCC_NO_COMMON_BLOCKS = YES;
				GCC_WARN_64_TO_32_BIT_CONVERSION = YES;
				GCC_WARN_ABOUT_RETURN_TYPE = YES_ERROR;
				GCC_WARN_UNDECLARED_SELECTOR = YES;
				GCC_WARN_UNINITIALIZED_AUTOS = YES_AGGRESSIVE;
				GCC_WARN_UNUSED_FUNCTION = YES;
				GCC_WARN_UNUSED_VARIABLE = YES;
				IPHONEOS_DEPLOYMENT_TARGET = 14.2;
				MTL_ENABLE_DEBUG_INFO = NO;
				MTL_FAST_MATH = YES;
				SDKROOT = iphoneos;
				SWIFT_COMPILATION_MODE = wholemodule;
				SWIFT_OPTIMIZATION_LEVEL = "-O";
				VALIDATE_PRODUCT = YES;
			};
			name = Release;
		};
		623689DF25EFC8CF00DED148 /* Debug */ = {
			isa = XCBuildConfiguration;
			buildSettings = {
				ASSETCATALOG_COMPILER_APPICON_NAME = AppIcon;
				ASSETCATALOG_COMPILER_GLOBAL_ACCENT_COLOR_NAME = AccentColor;
				CODE_SIGN_STYLE = Automatic;
				INFOPLIST_FILE = "project06-settings-final/Info.plist";
				LD_RUNPATH_SEARCH_PATHS = (
					"$(inherited)",
					"@executable_path/Frameworks",
				);
				PRODUCT_BUNDLE_IDENTIFIER = "com.robotdreams.project06-settings-final";
				PRODUCT_NAME = "$(TARGET_NAME)";
				SWIFT_VERSION = 5.0;
				TARGETED_DEVICE_FAMILY = "1,2";
			};
			name = Debug;
		};
		623689E025EFC8CF00DED148 /* Release */ = {
			isa = XCBuildConfiguration;
			buildSettings = {
				ASSETCATALOG_COMPILER_APPICON_NAME = AppIcon;
				ASSETCATALOG_COMPILER_GLOBAL_ACCENT_COLOR_NAME = AccentColor;
				CODE_SIGN_STYLE = Automatic;
				INFOPLIST_FILE = "project06-settings-final/Info.plist";
				LD_RUNPATH_SEARCH_PATHS = (
					"$(inherited)",
					"@executable_path/Frameworks",
				);
				PRODUCT_BUNDLE_IDENTIFIER = "com.robotdreams.project06-settings-final";
				PRODUCT_NAME = "$(TARGET_NAME)";
				SWIFT_VERSION = 5.0;
				TARGETED_DEVICE_FAMILY = "1,2";
			};
			name = Release;
		};
/* End XCBuildConfiguration section */

/* Begin XCConfigurationList section */
		623689C525EFC8CE00DED148 /* Build configuration list for PBXProject "project06-settings-final" */ = {
			isa = XCConfigurationList;
			buildConfigurations = (
				623689DC25EFC8CF00DED148 /* Debug */,
				623689DD25EFC8CF00DED148 /* Release */,
			);
			defaultConfigurationIsVisible = 0;
			defaultConfigurationName = Release;
		};
		623689DE25EFC8CF00DED148 /* Build configuration list for PBXNativeTarget "project06-settings-final" */ = {
			isa = XCConfigurationList;
			buildConfigurations = (
				623689DF25EFC8CF00DED148 /* Debug */,
				623689E025EFC8CF00DED148 /* Release */,
			);
			defaultConfigurationIsVisible = 0;
			defaultConfigurationName = Release;
		};
/* End XCConfigurationList section */
	};
	rootObject = 623689C225EFC8CE00DED148 /* Project object */;
}
