// !$*UTF8*$!
{
	archiveVersion = 1;
	classes = {
	};
	objectVersion = 50;
	objects = {

/* Begin PBXBuildFile section */
		6245A81125F70B49008E03FA /* AppDelegate.swift in Sources */ = {isa = PBXBuildFile; fileRef = 6245A81025F70B49008E03FA /* AppDelegate.swift */; };
		6245A81325F70B49008E03FA /* SceneDelegate.swift in Sources */ = {isa = PBXBuildFile; fileRef = 6245A81225F70B49008E03FA /* SceneDelegate.swift */; };
		6245A81525F70B49008E03FA /* LibraryCollectionViewController.swift in Sources */ = {isa = PBXBuildFile; fileRef = 6245A81425F70B49008E03FA /* LibraryCollectionViewController.swift */; };
		6245A81825F70B49008E03FA /* Main.storyboard in Resources */ = {isa = PBXBuildFile; fileRef = 6245A81625F70B49008E03FA /* Main.storyboard */; };
		6245A81A25F70B4B008E03FA /* Assets.xcassets in Resources */ = {isa = PBXBuildFile; fileRef = 6245A81925F70B4B008E03FA /* Assets.xcassets */; };
		6245A81D25F70B4B008E03FA /* LaunchScreen.storyboard in Resources */ = {isa = PBXBuildFile; fileRef = 6245A81B25F70B4B008E03FA /* LaunchScreen.storyboard */; };
		6263D0E325F90A6A00458ED4 /* RecentlyAddedHeaderView.swift in Sources */ = {isa = PBXBuildFile; fileRef = 6263D0E225F90A6A00458ED4 /* RecentlyAddedHeaderView.swift */; };
		6263D0E725F90A7400458ED4 /* LibraryHeaderView.swift in Sources */ = {isa = PBXBuildFile; fileRef = 6263D0E625F90A7400458ED4 /* LibraryHeaderView.swift */; };
		6263D0EA25F90EAE00458ED4 /* RecentlyAddedHeaderView.xib in Resources */ = {isa = PBXBuildFile; fileRef = 6263D0E925F90EAE00458ED4 /* RecentlyAddedHeaderView.xib */; };
		6263D0F025F90F8C00458ED4 /* LibraryHeaderView.xib in Resources */ = {isa = PBXBuildFile; fileRef = 6263D0EF25F90F8C00458ED4 /* LibraryHeaderView.xib */; };
		626C718025F7EA590017A7E4 /* AlbumCollectionViewCell.swift in Sources */ = {isa = PBXBuildFile; fileRef = 626C717F25F7EA590017A7E4 /* AlbumCollectionViewCell.swift */; };
		626C718325F7EAB00017A7E4 /* AlbumCollectionViewCell.xib in Resources */ = {isa = PBXBuildFile; fileRef = 626C718225F7EAB00017A7E4 /* AlbumCollectionViewCell.xib */; };
		62A7868225F7D667005584B0 /* LibraryTypeCollectionViewCell.xib in Resources */ = {isa = PBXBuildFile; fileRef = 62A7868125F7D667005584B0 /* LibraryTypeCollectionViewCell.xib */; };
		62A7868525F7E803005584B0 /* LibraryTypeCollectionViewCell.swift in Sources */ = {isa = PBXBuildFile; fileRef = 62A7868425F7E803005584B0 /* LibraryTypeCollectionViewCell.swift */; };
/* End PBXBuildFile section */

/* Begin PBXFileReference section */
		6245A80D25F70B49008E03FA /* lecture07-final-project.app */ = {isa = PBXFileReference; explicitFileType = wrapper.application; includeInIndex = 0; path = "lecture07-final-project.app"; sourceTree = BUILT_PRODUCTS_DIR; };
		6245A81025F70B49008E03FA /* AppDelegate.swift */ = {isa = PBXFileReference; lastKnownFileType = sourcecode.swift; path = AppDelegate.swift; sourceTree = "<group>"; };
		6245A81225F70B49008E03FA /* SceneDelegate.swift */ = {isa = PBXFileReference; lastKnownFileType = sourcecode.swift; path = SceneDelegate.swift; sourceTree = "<group>"; };
		6245A81425F70B49008E03FA /* LibraryCollectionViewController.swift */ = {isa = PBXFileReference; lastKnownFileType = sourcecode.swift; path = LibraryCollectionViewController.swift; sourceTree = "<group>"; };
		6245A81725F70B49008E03FA /* Base */ = {isa = PBXFileReference; lastKnownFileType = file.storyboard; name = Base; path = Base.lproj/Main.storyboard; sourceTree = "<group>"; };
		6245A81925F70B4B008E03FA /* Assets.xcassets */ = {isa = PBXFileReference; lastKnownFileType = folder.assetcatalog; path = Assets.xcassets; sourceTree = "<group>"; };
		6245A81C25F70B4B008E03FA /* Base */ = {isa = PBXFileReference; lastKnownFileType = file.storyboard; name = Base; path = Base.lproj/LaunchScreen.storyboard; sourceTree = "<group>"; };
		6245A81E25F70B4B008E03FA /* Info.plist */ = {isa = PBXFileReference; lastKnownFileType = text.plist.xml; path = Info.plist; sourceTree = "<group>"; };
		6263D0E225F90A6A00458ED4 /* RecentlyAddedHeaderView.swift */ = {isa = PBXFileReference; lastKnownFileType = sourcecode.swift; path = RecentlyAddedHeaderView.swift; sourceTree = "<group>"; };
		6263D0E625F90A7400458ED4 /* LibraryHeaderView.swift */ = {isa = PBXFileReference; lastKnownFileType = sourcecode.swift; path = LibraryHeaderView.swift; sourceTree = "<group>"; };
		6263D0E925F90EAE00458ED4 /* RecentlyAddedHeaderView.xib */ = {isa = PBXFileReference; lastKnownFileType = file.xib; path = RecentlyAddedHeaderView.xib; sourceTree = "<group>"; };
		6263D0EF25F90F8C00458ED4 /* LibraryHeaderView.xib */ = {isa = PBXFileReference; lastKnownFileType = file.xib; path = LibraryHeaderView.xib; sourceTree = "<group>"; };
		626C717F25F7EA590017A7E4 /* AlbumCollectionViewCell.swift */ = {isa = PBXFileReference; lastKnownFileType = sourcecode.swift; path = AlbumCollectionViewCell.swift; sourceTree = "<group>"; };
		626C718225F7EAB00017A7E4 /* AlbumCollectionViewCell.xib */ = {isa = PBXFileReference; lastKnownFileType = file.xib; path = AlbumCollectionViewCell.xib; sourceTree = "<group>"; };
		62A7868125F7D667005584B0 /* LibraryTypeCollectionViewCell.xib */ = {isa = PBXFileReference; lastKnownFileType = file.xib; path = LibraryTypeCollectionViewCell.xib; sourceTree = "<group>"; };
		62A7868425F7E803005584B0 /* LibraryTypeCollectionViewCell.swift */ = {isa = PBXFileReference; lastKnownFileType = sourcecode.swift; path = LibraryTypeCollectionViewCell.swift; sourceTree = "<group>"; };
/* End PBXFileReference section */

/* Begin PBXFrameworksBuildPhase section */
		6245A80A25F70B49008E03FA /* Frameworks */ = {
			isa = PBXFrameworksBuildPhase;
			buildActionMask = 2147483647;
			files = (
			);
			runOnlyForDeploymentPostprocessing = 0;
		};
/* End PBXFrameworksBuildPhase section */

/* Begin PBXGroup section */
		6245A80425F70B49008E03FA = {
			isa = PBXGroup;
			children = (
				6245A80F25F70B49008E03FA /* lecture07-final-project */,
				6245A80E25F70B49008E03FA /* Products */,
			);
			sourceTree = "<group>";
		};
		6245A80E25F70B49008E03FA /* Products */ = {
			isa = PBXGroup;
			children = (
				6245A80D25F70B49008E03FA /* lecture07-final-project.app */,
			);
			name = Products;
			sourceTree = "<group>";
		};
		6245A80F25F70B49008E03FA /* lecture07-final-project */ = {
			isa = PBXGroup;
			children = (
				6263D0E125F90A4C00458ED4 /* Headers */,
				62A7868025F7D62A005584B0 /* Cells */,
				6245A81025F70B49008E03FA /* AppDelegate.swift */,
				6245A81225F70B49008E03FA /* SceneDelegate.swift */,
				6245A81425F70B49008E03FA /* LibraryCollectionViewController.swift */,
				6245A81625F70B49008E03FA /* Main.storyboard */,
				6245A81925F70B4B008E03FA /* Assets.xcassets */,
				6245A81B25F70B4B008E03FA /* LaunchScreen.storyboard */,
				6245A81E25F70B4B008E03FA /* Info.plist */,
			);
			path = "lecture07-final-project";
			sourceTree = "<group>";
		};
		6263D0E125F90A4C00458ED4 /* Headers */ = {
			isa = PBXGroup;
			children = (
				6263D0F225F9245D00458ED4 /* LibraryHeaderView */,
				6263D0F325F9246500458ED4 /* RecentlyAddedHeaderView */,
			);
			path = Headers;
			sourceTree = "<group>";
		};
		6263D0F225F9245D00458ED4 /* LibraryHeaderView */ = {
			isa = PBXGroup;
			children = (
				6263D0E625F90A7400458ED4 /* LibraryHeaderView.swift */,
				6263D0EF25F90F8C00458ED4 /* LibraryHeaderView.xib */,
			);
			path = LibraryHeaderView;
			sourceTree = "<group>";
		};
		6263D0F325F9246500458ED4 /* RecentlyAddedHeaderView */ = {
			isa = PBXGroup;
			children = (
				6263D0E225F90A6A00458ED4 /* RecentlyAddedHeaderView.swift */,
				6263D0E925F90EAE00458ED4 /* RecentlyAddedHeaderView.xib */,
			);
			path = RecentlyAddedHeaderView;
			sourceTree = "<group>";
		};
		626C717E25F7E9420017A7E4 /* AlbumCollectionViewCell */ = {
			isa = PBXGroup;
			children = (
				626C717F25F7EA590017A7E4 /* AlbumCollectionViewCell.swift */,
				626C718225F7EAB00017A7E4 /* AlbumCollectionViewCell.xib */,
			);
			path = AlbumCollectionViewCell;
			sourceTree = "<group>";
		};
		62A7868025F7D62A005584B0 /* Cells */ = {
			isa = PBXGroup;
			children = (
				62A7868725F7E809005584B0 /* LibraryTypeCollectionViewCell */,
				626C717E25F7E9420017A7E4 /* AlbumCollectionViewCell */,
			);
			path = Cells;
			sourceTree = "<group>";
		};
		62A7868725F7E809005584B0 /* LibraryTypeCollectionViewCell */ = {
			isa = PBXGroup;
			children = (
				62A7868425F7E803005584B0 /* LibraryTypeCollectionViewCell.swift */,
				62A7868125F7D667005584B0 /* LibraryTypeCollectionViewCell.xib */,
			);
			path = LibraryTypeCollectionViewCell;
			sourceTree = "<group>";
		};
/* End PBXGroup section */

/* Begin PBXNativeTarget section */
		6245A80C25F70B49008E03FA /* lecture07-final-project */ = {
			isa = PBXNativeTarget;
			buildConfigurationList = 6245A82125F70B4B008E03FA /* Build configuration list for PBXNativeTarget "lecture07-final-project" */;
			buildPhases = (
				6245A80925F70B49008E03FA /* Sources */,
				6245A80A25F70B49008E03FA /* Frameworks */,
				6245A80B25F70B49008E03FA /* Resources */,
			);
			buildRules = (
			);
			dependencies = (
			);
			name = "lecture07-final-project";
			productName = "lecture07-final-project";
			productReference = 6245A80D25F70B49008E03FA /* lecture07-final-project.app */;
			productType = "com.apple.product-type.application";
		};
/* End PBXNativeTarget section */

/* Begin PBXProject section */
		6245A80525F70B49008E03FA /* Project object */ = {
			isa = PBXProject;
			attributes = {
				LastSwiftUpdateCheck = 1220;
				LastUpgradeCheck = 1220;
				TargetAttributes = {
					6245A80C25F70B49008E03FA = {
						CreatedOnToolsVersion = 12.2;
					};
				};
			};
			buildConfigurationList = 6245A80825F70B49008E03FA /* Build configuration list for PBXProject "lecture07-final-project" */;
			compatibilityVersion = "Xcode 9.3";
			developmentRegion = en;
			hasScannedForEncodings = 0;
			knownRegions = (
				en,
				Base,
			);
			mainGroup = 6245A80425F70B49008E03FA;
			productRefGroup = 6245A80E25F70B49008E03FA /* Products */;
			projectDirPath = "";
			projectRoot = "";
			targets = (
				6245A80C25F70B49008E03FA /* lecture07-final-project */,
			);
		};
/* End PBXProject section */

/* Begin PBXResourcesBuildPhase section */
		6245A80B25F70B49008E03FA /* Resources */ = {
			isa = PBXResourcesBuildPhase;
			buildActionMask = 2147483647;
			files = (
				62A7868225F7D667005584B0 /* LibraryTypeCollectionViewCell.xib in Resources */,
				6245A81D25F70B4B008E03FA /* LaunchScreen.storyboard in Resources */,
				626C718325F7EAB00017A7E4 /* AlbumCollectionViewCell.xib in Resources */,
				6263D0EA25F90EAE00458ED4 /* RecentlyAddedHeaderView.xib in Resources */,
				6263D0F025F90F8C00458ED4 /* LibraryHeaderView.xib in Resources */,
				6245A81A25F70B4B008E03FA /* Assets.xcassets in Resources */,
				6245A81825F70B49008E03FA /* Main.storyboard in Resources */,
			);
			runOnlyForDeploymentPostprocessing = 0;
		};
/* End PBXResourcesBuildPhase section */

/* Begin PBXSourcesBuildPhase section */
		6245A80925F70B49008E03FA /* Sources */ = {
			isa = PBXSourcesBuildPhase;
			buildActionMask = 2147483647;
			files = (
				62A7868525F7E803005584B0 /* LibraryTypeCollectionViewCell.swift in Sources */,
				6245A81525F70B49008E03FA /* LibraryCollectionViewController.swift in Sources */,
				6245A81125F70B49008E03FA /* AppDelegate.swift in Sources */,
				6245A81325F70B49008E03FA /* SceneDelegate.swift in Sources */,
				626C718025F7EA590017A7E4 /* AlbumCollectionViewCell.swift in Sources */,
				6263D0E725F90A7400458ED4 /* LibraryHeaderView.swift in Sources */,
				6263D0E325F90A6A00458ED4 /* RecentlyAddedHeaderView.swift in Sources */,
			);
			runOnlyForDeploymentPostprocessing = 0;
		};
/* End PBXSourcesBuildPhase section */

/* Begin PBXVariantGroup section */
		6245A81625F70B49008E03FA /* Main.storyboard */ = {
			isa = PBXVariantGroup;
			children = (
				6245A81725F70B49008E03FA /* Base */,
			);
			name = Main.storyboard;
			sourceTree = "<group>";
		};
		6245A81B25F70B4B008E03FA /* LaunchScreen.storyboard */ = {
			isa = PBXVariantGroup;
			children = (
				6245A81C25F70B4B008E03FA /* Base */,
			);
			name = LaunchScreen.storyboard;
			sourceTree = "<group>";
		};
/* End PBXVariantGroup section */

/* Begin XCBuildConfiguration section */
		6245A81F25F70B4B008E03FA /* Debug */ = {
			isa = XCBuildConfiguration;
			buildSettings = {
				ALWAYS_SEARCH_USER_PATHS = NO;
				CLANG_ANALYZER_NONNULL = YES;
				CLANG_ANALYZER_NUMBER_OBJECT_CONVERSION = YES_AGGRESSIVE;
				CLANG_CXX_LANGUAGE_STANDARD = "gnu++14";
				CLANG_CXX_LIBRARY = "libc++";
				CLANG_ENABLE_MODULES = YES;
				CLANG_ENABLE_OBJC_ARC = YES;
				CLANG_ENABLE_OBJC_WEAK = YES;
				CLANG_WARN_BLOCK_CAPTURE_AUTORELEASING = YES;
				CLANG_WARN_BOOL_CONVERSION = YES;
				CLANG_WARN_COMMA = YES;
				CLANG_WARN_CONSTANT_CONVERSION = YES;
				CLANG_WARN_DEPRECATED_OBJC_IMPLEMENTATIONS = YES;
				CLANG_WARN_DIRECT_OBJC_ISA_USAGE = YES_ERROR;
				CLANG_WARN_DOCUMENTATION_COMMENTS = YES;
				CLANG_WARN_EMPTY_BODY = YES;
				CLANG_WARN_ENUM_CONVERSION = YES;
				CLANG_WARN_INFINITE_RECURSION = YES;
				CLANG_WARN_INT_CONVERSION = YES;
				CLANG_WARN_NON_LITERAL_NULL_CONVERSION = YES;
				CLANG_WARN_OBJC_IMPLICIT_RETAIN_SELF = YES;
				CLANG_WARN_OBJC_LITERAL_CONVERSION = YES;
				CLANG_WARN_OBJC_ROOT_CLASS = YES_ERROR;
				CLANG_WARN_QUOTED_INCLUDE_IN_FRAMEWORK_HEADER = YES;
				CLANG_WARN_RANGE_LOOP_ANALYSIS = YES;
				CLANG_WARN_STRICT_PROTOTYPES = YES;
				CLANG_WARN_SUSPICIOUS_MOVE = YES;
				CLANG_WARN_UNGUARDED_AVAILABILITY = YES_AGGRESSIVE;
				CLANG_WARN_UNREACHABLE_CODE = YES;
				CLANG_WARN__DUPLICATE_METHOD_MATCH = YES;
				COPY_PHASE_STRIP = NO;
				DEBUG_INFORMATION_FORMAT = dwarf;
				ENABLE_STRICT_OBJC_MSGSEND = YES;
				ENABLE_TESTABILITY = YES;
				GCC_C_LANGUAGE_STANDARD = gnu11;
				GCC_DYNAMIC_NO_PIC = NO;
				GCC_NO_COMMON_BLOCKS = YES;
				GCC_OPTIMIZATION_LEVEL = 0;
				GCC_PREPROCESSOR_DEFINITIONS = (
					"DEBUG=1",
					"$(inherited)",
				);
				GCC_WARN_64_TO_32_BIT_CONVERSION = YES;
				GCC_WARN_ABOUT_RETURN_TYPE = YES_ERROR;
				GCC_WARN_UNDECLARED_SELECTOR = YES;
				GCC_WARN_UNINITIALIZED_AUTOS = YES_AGGRESSIVE;
				GCC_WARN_UNUSED_FUNCTION = YES;
				GCC_WARN_UNUSED_VARIABLE = YES;
				IPHONEOS_DEPLOYMENT_TARGET = 14.2;
				MTL_ENABLE_DEBUG_INFO = INCLUDE_SOURCE;
				MTL_FAST_MATH = YES;
				ONLY_ACTIVE_ARCH = YES;
				SDKROOT = iphoneos;
				SWIFT_ACTIVE_COMPILATION_CONDITIONS = DEBUG;
				SWIFT_OPTIMIZATION_LEVEL = "-Onone";
			};
			name = Debug;
		};
		6245A82025F70B4B008E03FA /* Release */ = {
			isa = XCBuildConfiguration;
			buildSettings = {
				ALWAYS_SEARCH_USER_PATHS = NO;
				CLANG_ANALYZER_NONNULL = YES;
				CLANG_ANALYZER_NUMBER_OBJECT_CONVERSION = YES_AGGRESSIVE;
				CLANG_CXX_LANGUAGE_STANDARD = "gnu++14";
				CLANG_CXX_LIBRARY = "libc++";
				CLANG_ENABLE_MODULES = YES;
				CLANG_ENABLE_OBJC_ARC = YES;
				CLANG_ENABLE_OBJC_WEAK = YES;
				CLANG_WARN_BLOCK_CAPTURE_AUTORELEASING = YES;
				CLANG_WARN_BOOL_CONVERSION = YES;
				CLANG_WARN_COMMA = YES;
				CLANG_WARN_CONSTANT_CONVERSION = YES;
				CLANG_WARN_DEPRECATED_OBJC_IMPLEMENTATIONS = YES;
				CLANG_WARN_DIRECT_OBJC_ISA_USAGE = YES_ERROR;
				CLANG_WARN_DOCUMENTATION_COMMENTS = YES;
				CLANG_WARN_EMPTY_BODY = YES;
				CLANG_WARN_ENUM_CONVERSION = YES;
				CLANG_WARN_INFINITE_RECURSION = YES;
				CLANG_WARN_INT_CONVERSION = YES;
				CLANG_WARN_NON_LITERAL_NULL_CONVERSION = YES;
				CLANG_WARN_OBJC_IMPLICIT_RETAIN_SELF = YES;
				CLANG_WARN_OBJC_LITERAL_CONVERSION = YES;
				CLANG_WARN_OBJC_ROOT_CLASS = YES_ERROR;
				CLANG_WARN_QUOTED_INCLUDE_IN_FRAMEWORK_HEADER = YES;
				CLANG_WARN_RANGE_LOOP_ANALYSIS = YES;
				CLANG_WARN_STRICT_PROTOTYPES = YES;
				CLANG_WARN_SUSPICIOUS_MOVE = YES;
				CLANG_WARN_UNGUARDED_AVAILABILITY = YES_AGGRESSIVE;
				CLANG_WARN_UNREACHABLE_CODE = YES;
				CLANG_WARN__DUPLICATE_METHOD_MATCH = YES;
				COPY_PHASE_STRIP = NO;
				DEBUG_INFORMATION_FORMAT = "dwarf-with-dsym";
				ENABLE_NS_ASSERTIONS = NO;
				ENABLE_STRICT_OBJC_MSGSEND = YES;
				GCC_C_LANGUAGE_STANDARD = gnu11;
				GCC_NO_COMMON_BLOCKS = YES;
				GCC_WARN_64_TO_32_BIT_CONVERSION = YES;
				GCC_WARN_ABOUT_RETURN_TYPE = YES_ERROR;
				GCC_WARN_UNDECLARED_SELECTOR = YES;
				GCC_WARN_UNINITIALIZED_AUTOS = YES_AGGRESSIVE;
				GCC_WARN_UNUSED_FUNCTION = YES;
				GCC_WARN_UNUSED_VARIABLE = YES;
				IPHONEOS_DEPLOYMENT_TARGET = 14.2;
				MTL_ENABLE_DEBUG_INFO = NO;
				MTL_FAST_MATH = YES;
				SDKROOT = iphoneos;
				SWIFT_COMPILATION_MODE = wholemodule;
				SWIFT_OPTIMIZATION_LEVEL = "-O";
				VALIDATE_PRODUCT = YES;
			};
			name = Release;
		};
		6245A82225F70B4B008E03FA /* Debug */ = {
			isa = XCBuildConfiguration;
			buildSettings = {
				ASSETCATALOG_COMPILER_APPICON_NAME = AppIcon;
				ASSETCATALOG_COMPILER_GLOBAL_ACCENT_COLOR_NAME = AccentColor;
				CODE_SIGN_STYLE = Automatic;
				INFOPLIST_FILE = "lecture07-final-project/Info.plist";
				LD_RUNPATH_SEARCH_PATHS = (
					"$(inherited)",
					"@executable_path/Frameworks",
				);
				PRODUCT_BUNDLE_IDENTIFIER = "com.robotdreams.lecture07-final-project";
				PRODUCT_NAME = "$(TARGET_NAME)";
				SWIFT_VERSION = 5.0;
				TARGETED_DEVICE_FAMILY = "1,2";
			};
			name = Debug;
		};
		6245A82325F70B4B008E03FA /* Release */ = {
			isa = XCBuildConfiguration;
			buildSettings = {
				ASSETCATALOG_COMPILER_APPICON_NAME = AppIcon;
				ASSETCATALOG_COMPILER_GLOBAL_ACCENT_COLOR_NAME = AccentColor;
				CODE_SIGN_STYLE = Automatic;
				INFOPLIST_FILE = "lecture07-final-project/Info.plist";
				LD_RUNPATH_SEARCH_PATHS = (
					"$(inherited)",
					"@executable_path/Frameworks",
				);
				PRODUCT_BUNDLE_IDENTIFIER = "com.robotdreams.lecture07-final-project";
				PRODUCT_NAME = "$(TARGET_NAME)";
				SWIFT_VERSION = 5.0;
				TARGETED_DEVICE_FAMILY = "1,2";
			};
			name = Release;
		};
/* End XCBuildConfiguration section */

/* Begin XCConfigurationList section */
		6245A80825F70B49008E03FA /* Build configuration list for PBXProject "lecture07-final-project" */ = {
			isa = XCConfigurationList;
			buildConfigurations = (
				6245A81F25F70B4B008E03FA /* Debug */,
				6245A82025F70B4B008E03FA /* Release */,
			);
			defaultConfigurationIsVisible = 0;
			defaultConfigurationName = Release;
		};
		6245A82125F70B4B008E03FA /* Build configuration list for PBXNativeTarget "lecture07-final-project" */ = {
			isa = XCConfigurationList;
			buildConfigurations = (
				6245A82225F70B4B008E03FA /* Debug */,
				6245A82325F70B4B008E03FA /* Release */,
			);
			defaultConfigurationIsVisible = 0;
			defaultConfigurationName = Release;
		};
/* End XCConfigurationList section */
	};
	rootObject = 6245A80525F70B49008E03FA /* Project object */;
}
