// !$*UTF8*$!
{
	archiveVersion = 1;
	classes = {
	};
	objectVersion = 50;
	objects = {

/* Begin PBXBuildFile section */
		62C8C7AE25EC1EF300EACECA /* AppDelegate.swift in Sources */ = {isa = PBXBuildFile; fileRef = 62C8C7AD25EC1EF300EACECA /* AppDelegate.swift */; };
		62C8C7B025EC1EF300EACECA /* SceneDelegate.swift in Sources */ = {isa = PBXBuildFile; fileRef = 62C8C7AF25EC1EF300EACECA /* SceneDelegate.swift */; };
		62C8C7B225EC1EF300EACECA /* ViewController.swift in Sources */ = {isa = PBXBuildFile; fileRef = 62C8C7B125EC1EF300EACECA /* ViewController.swift */; };
		62C8C7B525EC1EF300EACECA /* Main.storyboard in Resources */ = {isa = PBXBuildFile; fileRef = 62C8C7B325EC1EF300EACECA /* Main.storyboard */; };
		62C8C7B725EC1EF400EACECA /* Assets.xcassets in Resources */ = {isa = PBXBuildFile; fileRef = 62C8C7B625EC1EF400EACECA /* Assets.xcassets */; };
		62C8C7BA25EC1EF400EACECA /* LaunchScreen.storyboard in Resources */ = {isa = PBXBuildFile; fileRef = 62C8C7B825EC1EF400EACECA /* LaunchScreen.storyboard */; };
/* End PBXBuildFile section */

/* Begin PBXFileReference section */
		62C8C7AA25EC1EF300EACECA /* lecture05-project-end.app */ = {isa = PBXFileReference; explicitFileType = wrapper.application; includeInIndex = 0; path = "lecture05-project-end.app"; sourceTree = BUILT_PRODUCTS_DIR; };
		62C8C7AD25EC1EF300EACECA /* AppDelegate.swift */ = {isa = PBXFileReference; lastKnownFileType = sourcecode.swift; path = AppDelegate.swift; sourceTree = "<group>"; };
		62C8C7AF25EC1EF300EACECA /* SceneDelegate.swift */ = {isa = PBXFileReference; lastKnownFileType = sourcecode.swift; path = SceneDelegate.swift; sourceTree = "<group>"; };
		62C8C7B125EC1EF300EACECA /* ViewController.swift */ = {isa = PBXFileReference; lastKnownFileType = sourcecode.swift; path = ViewController.swift; sourceTree = "<group>"; };
		62C8C7B425EC1EF300EACECA /* Base */ = {isa = PBXFileReference; lastKnownFileType = file.storyboard; name = Base; path = Base.lproj/Main.storyboard; sourceTree = "<group>"; };
		62C8C7B625EC1EF400EACECA /* Assets.xcassets */ = {isa = PBXFileReference; lastKnownFileType = folder.assetcatalog; path = Assets.xcassets; sourceTree = "<group>"; };
		62C8C7B925EC1EF400EACECA /* Base */ = {isa = PBXFileReference; lastKnownFileType = file.storyboard; name = Base; path = Base.lproj/LaunchScreen.storyboard; sourceTree = "<group>"; };
		62C8C7BB25EC1EF400EACECA /* Info.plist */ = {isa = PBXFileReference; lastKnownFileType = text.plist.xml; path = Info.plist; sourceTree = "<group>"; };
/* End PBXFileReference section */

/* Begin PBXFrameworksBuildPhase section */
		62C8C7A725EC1EF300EACECA /* Frameworks */ = {
			isa = PBXFrameworksBuildPhase;
			buildActionMask = 2147483647;
			files = (
			);
			runOnlyForDeploymentPostprocessing = 0;
		};
/* End PBXFrameworksBuildPhase section */

/* Begin PBXGroup section */
		62C8C7A125EC1EF300EACECA = {
			isa = PBXGroup;
			children = (
				62C8C7AC25EC1EF300EACECA /* lecture05-project-end */,
				62C8C7AB25EC1EF300EACECA /* Products */,
			);
			sourceTree = "<group>";
		};
		62C8C7AB25EC1EF300EACECA /* Products */ = {
			isa = PBXGroup;
			children = (
				62C8C7AA25EC1EF300EACECA /* lecture05-project-end.app */,
			);
			name = Products;
			sourceTree = "<group>";
		};
		62C8C7AC25EC1EF300EACECA /* lecture05-project-end */ = {
			isa = PBXGroup;
			children = (
				62C8C7AD25EC1EF300EACECA /* AppDelegate.swift */,
				62C8C7AF25EC1EF300EACECA /* SceneDelegate.swift */,
				62C8C7B125EC1EF300EACECA /* ViewController.swift */,
				62C8C7B325EC1EF300EACECA /* Main.storyboard */,
				62C8C7B625EC1EF400EACECA /* Assets.xcassets */,
				62C8C7B825EC1EF400EACECA /* LaunchScreen.storyboard */,
				62C8C7BB25EC1EF400EACECA /* Info.plist */,
			);
			path = "lecture05-project-end";
			sourceTree = "<group>";
		};
/* End PBXGroup section */

/* Begin PBXNativeTarget section */
		62C8C7A925EC1EF300EACECA /* lecture05-project-end */ = {
			isa = PBXNativeTarget;
			buildConfigurationList = 62C8C7BE25EC1EF400EACECA /* Build configuration list for PBXNativeTarget "lecture05-project-end" */;
			buildPhases = (
				62C8C7A625EC1EF300EACECA /* Sources */,
				62C8C7A725EC1EF300EACECA /* Frameworks */,
				62C8C7A825EC1EF300EACECA /* Resources */,
			);
			buildRules = (
			);
			dependencies = (
			);
			name = "lecture05-project-end";
			productName = "lecture05-project-end";
			productReference = 62C8C7AA25EC1EF300EACECA /* lecture05-project-end.app */;
			productType = "com.apple.product-type.application";
		};
/* End PBXNativeTarget section */

/* Begin PBXProject section */
		62C8C7A225EC1EF300EACECA /* Project object */ = {
			isa = PBXProject;
			attributes = {
				LastSwiftUpdateCheck = 1220;
				LastUpgradeCheck = 1220;
				TargetAttributes = {
					62C8C7A925EC1EF300EACECA = {
						CreatedOnToolsVersion = 12.2;
					};
				};
			};
			buildConfigurationList = 62C8C7A525EC1EF300EACECA /* Build configuration list for PBXProject "lecture05-project-end" */;
			compatibilityVersion = "Xcode 9.3";
			developmentRegion = en;
			hasScannedForEncodings = 0;
			knownRegions = (
				en,
				Base,
			);
			mainGroup = 62C8C7A125EC1EF300EACECA;
			productRefGroup = 62C8C7AB25EC1EF300EACECA /* Products */;
			projectDirPath = "";
			projectRoot = "";
			targets = (
				62C8C7A925EC1EF300EACECA /* lecture05-project-end */,
			);
		};
/* End PBXProject section */

/* Begin PBXResourcesBuildPhase section */
		62C8C7A825EC1EF300EACECA /* Resources */ = {
			isa = PBXResourcesBuildPhase;
			buildActionMask = 2147483647;
			files = (
				62C8C7BA25EC1EF400EACECA /* LaunchScreen.storyboard in Resources */,
				62C8C7B725EC1EF400EACECA /* Assets.xcassets in Resources */,
				62C8C7B525EC1EF300EACECA /* Main.storyboard in Resources */,
			);
			runOnlyForDeploymentPostprocessing = 0;
		};
/* End PBXResourcesBuildPhase section */

/* Begin PBXSourcesBuildPhase section */
		62C8C7A625EC1EF300EACECA /* Sources */ = {
			isa = PBXSourcesBuildPhase;
			buildActionMask = 2147483647;
			files = (
				62C8C7B225EC1EF300EACECA /* ViewController.swift in Sources */,
				62C8C7AE25EC1EF300EACECA /* AppDelegate.swift in Sources */,
				62C8C7B025EC1EF300EACECA /* SceneDelegate.swift in Sources */,
			);
			runOnlyForDeploymentPostprocessing = 0;
		};
/* End PBXSourcesBuildPhase section */

/* Begin PBXVariantGroup section */
		62C8C7B325EC1EF300EACECA /* Main.storyboard */ = {
			isa = PBXVariantGroup;
			children = (
				62C8C7B425EC1EF300EACECA /* Base */,
			);
			name = Main.storyboard;
			sourceTree = "<group>";
		};
		62C8C7B825EC1EF400EACECA /* LaunchScreen.storyboard */ = {
			isa = PBXVariantGroup;
			children = (
				62C8C7B925EC1EF400EACECA /* Base */,
			);
			name = LaunchScreen.storyboard;
			sourceTree = "<group>";
		};
/* End PBXVariantGroup section */

/* Begin XCBuildConfiguration section */
		62C8C7BC25EC1EF400EACECA /* Debug */ = {
			isa = XCBuildConfiguration;
			buildSettings = {
				ALWAYS_SEARCH_USER_PATHS = NO;
				CLANG_ANALYZER_NONNULL = YES;
				CLANG_ANALYZER_NUMBER_OBJECT_CONVERSION = YES_AGGRESSIVE;
				CLANG_CXX_LANGUAGE_STANDARD = "gnu++14";
				CLANG_CXX_LIBRARY = "libc++";
				CLANG_ENABLE_MODULES = YES;
				CLANG_ENABLE_OBJC_ARC = YES;
				CLANG_ENABLE_OBJC_WEAK = YES;
				CLANG_WARN_BLOCK_CAPTURE_AUTORELEASING = YES;
				CLANG_WARN_BOOL_CONVERSION = YES;
				CLANG_WARN_COMMA = YES;
				CLANG_WARN_CONSTANT_CONVERSION = YES;
				CLANG_WARN_DEPRECATED_OBJC_IMPLEMENTATIONS = YES;
				CLANG_WARN_DIRECT_OBJC_ISA_USAGE = YES_ERROR;
				CLANG_WARN_DOCUMENTATION_COMMENTS = YES;
				CLANG_WARN_EMPTY_BODY = YES;
				CLANG_WARN_ENUM_CONVERSION = YES;
				CLANG_WARN_INFINITE_RECURSION = YES;
				CLANG_WARN_INT_CONVERSION = YES;
				CLANG_WARN_NON_LITERAL_NULL_CONVERSION = YES;
				CLANG_WARN_OBJC_IMPLICIT_RETAIN_SELF = YES;
				CLANG_WARN_OBJC_LITERAL_CONVERSION = YES;
				CLANG_WARN_OBJC_ROOT_CLASS = YES_ERROR;
				CLANG_WARN_QUOTED_INCLUDE_IN_FRAMEWORK_HEADER = YES;
				CLANG_WARN_RANGE_LOOP_ANALYSIS = YES;
				CLANG_WARN_STRICT_PROTOTYPES = YES;
				CLANG_WARN_SUSPICIOUS_MOVE = YES;
				CLANG_WARN_UNGUARDED_AVAILABILITY = YES_AGGRESSIVE;
				CLANG_WARN_UNREACHABLE_CODE = YES;
				CLANG_WARN__DUPLICATE_METHOD_MATCH = YES;
				COPY_PHASE_STRIP = NO;
				DEBUG_INFORMATION_FORMAT = dwarf;
				ENABLE_STRICT_OBJC_MSGSEND = YES;
				ENABLE_TESTABILITY = YES;
				GCC_C_LANGUAGE_STANDARD = gnu11;
				GCC_DYNAMIC_NO_PIC = NO;
				GCC_NO_COMMON_BLOCKS = YES;
				GCC_OPTIMIZATION_LEVEL = 0;
				GCC_PREPROCESSOR_DEFINITIONS = (
					"DEBUG=1",
					"$(inherited)",
				);
				GCC_WARN_64_TO_32_BIT_CONVERSION = YES;
				GCC_WARN_ABOUT_RETURN_TYPE = YES_ERROR;
				GCC_WARN_UNDECLARED_SELECTOR = YES;
				GCC_WARN_UNINITIALIZED_AUTOS = YES_AGGRESSIVE;
				GCC_WARN_UNUSED_FUNCTION = YES;
				GCC_WARN_UNUSED_VARIABLE = YES;
				IPHONEOS_DEPLOYMENT_TARGET = 14.2;
				MTL_ENABLE_DEBUG_INFO = INCLUDE_SOURCE;
				MTL_FAST_MATH = YES;
				ONLY_ACTIVE_ARCH = YES;
				SDKROOT = iphoneos;
				SWIFT_ACTIVE_COMPILATION_CONDITIONS = DEBUG;
				SWIFT_OPTIMIZATION_LEVEL = "-Onone";
			};
			name = Debug;
		};
		62C8C7BD25EC1EF400EACECA /* Release */ = {
			isa = XCBuildConfiguration;
			buildSettings = {
				ALWAYS_SEARCH_USER_PATHS = NO;
				CLANG_ANALYZER_NONNULL = YES;
				CLANG_ANALYZER_NUMBER_OBJECT_CONVERSION = YES_AGGRESSIVE;
				CLANG_CXX_LANGUAGE_STANDARD = "gnu++14";
				CLANG_CXX_LIBRARY = "libc++";
				CLANG_ENABLE_MODULES = YES;
				CLANG_ENABLE_OBJC_ARC = YES;
				CLANG_ENABLE_OBJC_WEAK = YES;
				CLANG_WARN_BLOCK_CAPTURE_AUTORELEASING = YES;
				CLANG_WARN_BOOL_CONVERSION = YES;
				CLANG_WARN_COMMA = YES;
				CLANG_WARN_CONSTANT_CONVERSION = YES;
				CLANG_WARN_DEPRECATED_OBJC_IMPLEMENTATIONS = YES;
				CLANG_WARN_DIRECT_OBJC_ISA_USAGE = YES_ERROR;
				CLANG_WARN_DOCUMENTATION_COMMENTS = YES;
				CLANG_WARN_EMPTY_BODY = YES;
				CLANG_WARN_ENUM_CONVERSION = YES;
				CLANG_WARN_INFINITE_RECURSION = YES;
				CLANG_WARN_INT_CONVERSION = YES;
				CLANG_WARN_NON_LITERAL_NULL_CONVERSION = YES;
				CLANG_WARN_OBJC_IMPLICIT_RETAIN_SELF = YES;
				CLANG_WARN_OBJC_LITERAL_CONVERSION = YES;
				CLANG_WARN_OBJC_ROOT_CLASS = YES_ERROR;
				CLANG_WARN_QUOTED_INCLUDE_IN_FRAMEWORK_HEADER = YES;
				CLANG_WARN_RANGE_LOOP_ANALYSIS = YES;
				CLANG_WARN_STRICT_PROTOTYPES = YES;
				CLANG_WARN_SUSPICIOUS_MOVE = YES;
				CLANG_WARN_UNGUARDED_AVAILABILITY = YES_AGGRESSIVE;
				CLANG_WARN_UNREACHABLE_CODE = YES;
				CLANG_WARN__DUPLICATE_METHOD_MATCH = YES;
				COPY_PHASE_STRIP = NO;
				DEBUG_INFORMATION_FORMAT = "dwarf-with-dsym";
				ENABLE_NS_ASSERTIONS = NO;
				ENABLE_STRICT_OBJC_MSGSEND = YES;
				GCC_C_LANGUAGE_STANDARD = gnu11;
				GCC_NO_COMMON_BLOCKS = YES;
				GCC_WARN_64_TO_32_BIT_CONVERSION = YES;
				GCC_WARN_ABOUT_RETURN_TYPE = YES_ERROR;
				GCC_WARN_UNDECLARED_SELECTOR = YES;
				GCC_WARN_UNINITIALIZED_AUTOS = YES_AGGRESSIVE;
				GCC_WARN_UNUSED_FUNCTION = YES;
				GCC_WARN_UNUSED_VARIABLE = YES;
				IPHONEOS_DEPLOYMENT_TARGET = 14.2;
				MTL_ENABLE_DEBUG_INFO = NO;
				MTL_FAST_MATH = YES;
				SDKROOT = iphoneos;
				SWIFT_COMPILATION_MODE = wholemodule;
				SWIFT_OPTIMIZATION_LEVEL = "-O";
				VALIDATE_PRODUCT = YES;
			};
			name = Release;
		};
		62C8C7BF25EC1EF400EACECA /* Debug */ = {
			isa = XCBuildConfiguration;
			buildSettings = {
				ASSETCATALOG_COMPILER_APPICON_NAME = AppIcon;
				ASSETCATALOG_COMPILER_GLOBAL_ACCENT_COLOR_NAME = AccentColor;
				CODE_SIGN_STYLE = Automatic;
				INFOPLIST_FILE = "lecture05-project-end/Info.plist";
				LD_RUNPATH_SEARCH_PATHS = (
					"$(inherited)",
					"@executable_path/Frameworks",
				);
				PRODUCT_BUNDLE_IDENTIFIER = "com.robotdreams.lecture05-project-end";
				PRODUCT_NAME = "$(TARGET_NAME)";
				SWIFT_VERSION = 5.0;
				TARGETED_DEVICE_FAMILY = "1,2";
			};
			name = Debug;
		};
		62C8C7C025EC1EF400EACECA /* Release */ = {
			isa = XCBuildConfiguration;
			buildSettings = {
				ASSETCATALOG_COMPILER_APPICON_NAME = AppIcon;
				ASSETCATALOG_COMPILER_GLOBAL_ACCENT_COLOR_NAME = AccentColor;
				CODE_SIGN_STYLE = Automatic;
				INFOPLIST_FILE = "lecture05-project-end/Info.plist";
				LD_RUNPATH_SEARCH_PATHS = (
					"$(inherited)",
					"@executable_path/Frameworks",
				);
				PRODUCT_BUNDLE_IDENTIFIER = "com.robotdreams.lecture05-project-end";
				PRODUCT_NAME = "$(TARGET_NAME)";
				SWIFT_VERSION = 5.0;
				TARGETED_DEVICE_FAMILY = "1,2";
			};
			name = Release;
		};
/* End XCBuildConfiguration section */

/* Begin XCConfigurationList section */
		62C8C7A525EC1EF300EACECA /* Build configuration list for PBXProject "lecture05-project-end" */ = {
			isa = XCConfigurationList;
			buildConfigurations = (
				62C8C7BC25EC1EF400EACECA /* Debug */,
				62C8C7BD25EC1EF400EACECA /* Release */,
			);
			defaultConfigurationIsVisible = 0;
			defaultConfigurationName = Release;
		};
		62C8C7BE25EC1EF400EACECA /* Build configuration list for PBXNativeTarget "lecture05-project-end" */ = {
			isa = XCConfigurationList;
			buildConfigurations = (
				62C8C7BF25EC1EF400EACECA /* Debug */,
				62C8C7C025EC1EF400EACECA /* Release */,
			);
			defaultConfigurationIsVisible = 0;
			defaultConfigurationName = Release;
		};
/* End XCConfigurationList section */
	};
	rootObject = 62C8C7A225EC1EF300EACECA /* Project object */;
}
